// !$*UTF8*$!
{
	archiveVersion = 1;
	classes = {
	};
	objectVersion = 55;
	objects = {

/* Begin PBXBuildFile section */
		1A08F27428F44F8300715321 /* GFButton.swift in Sources */ = {isa = PBXBuildFile; fileRef = 1A08F27328F44F8300715321 /* GFButton.swift */; };
		1A08F27628F4571100715321 /* GFTextField.swift in Sources */ = {isa = PBXBuildFile; fileRef = 1A08F27528F4571100715321 /* GFTextField.swift */; };
		1A42F6D228F5AD6D00AC9EFA /* NetworkManager.swift in Sources */ = {isa = PBXBuildFile; fileRef = 1A42F6D128F5AD6D00AC9EFA /* NetworkManager.swift */; };
		1A42F6D528F6361600AC9EFA /* ErrorMessages.swift in Sources */ = {isa = PBXBuildFile; fileRef = 1A42F6D428F6361600AC9EFA /* ErrorMessages.swift */; };
		1A5DB20A28F4DCAC00DBCB9F /* Follower.swift in Sources */ = {isa = PBXBuildFile; fileRef = 1A5DB20928F4DCAC00DBCB9F /* Follower.swift */; };
		1A5DB20C28F4DCD600DBCB9F /* User.swift in Sources */ = {isa = PBXBuildFile; fileRef = 1A5DB20B28F4DCD600DBCB9F /* User.swift */; };
		1A6252D428F3950700D117CF /* AppDelegate.swift in Sources */ = {isa = PBXBuildFile; fileRef = 1A6252D328F3950700D117CF /* AppDelegate.swift */; };
		1A6252D628F3950700D117CF /* SceneDelegate.swift in Sources */ = {isa = PBXBuildFile; fileRef = 1A6252D528F3950700D117CF /* SceneDelegate.swift */; };
		1A6252DD28F3950800D117CF /* Assets.xcassets in Resources */ = {isa = PBXBuildFile; fileRef = 1A6252DC28F3950800D117CF /* Assets.xcassets */; };
		1A6252E028F3950800D117CF /* LaunchScreen.storyboard in Resources */ = {isa = PBXBuildFile; fileRef = 1A6252DE28F3950800D117CF /* LaunchScreen.storyboard */; };
		1A6252EA28F3A64600D117CF /* FavoritesListVC.swift in Sources */ = {isa = PBXBuildFile; fileRef = 1A6252E928F3A64600D117CF /* FavoritesListVC.swift */; };
		1A6252EC28F3A75F00D117CF /* SearchVC.swift in Sources */ = {isa = PBXBuildFile; fileRef = 1A6252EB28F3A75F00D117CF /* SearchVC.swift */; };
		1AA9D02928F4832000BFD980 /* FollowerListVC.swift in Sources */ = {isa = PBXBuildFile; fileRef = 1AA9D02828F4832000BFD980 /* FollowerListVC.swift */; };
		1AA9D02B28F4922400BFD980 /* GFTitleLabel.swift in Sources */ = {isa = PBXBuildFile; fileRef = 1AA9D02A28F4922400BFD980 /* GFTitleLabel.swift */; };
		1AA9D02D28F4B26E00BFD980 /* GFBodyLabel.swift in Sources */ = {isa = PBXBuildFile; fileRef = 1AA9D02C28F4B26E00BFD980 /* GFBodyLabel.swift */; };
		1AA9D02F28F4B43000BFD980 /* GFAlertVC.swift in Sources */ = {isa = PBXBuildFile; fileRef = 1AA9D02E28F4B43000BFD980 /* GFAlertVC.swift */; };
		1AA9D03128F4BD5600BFD980 /* UIViewControllerDotAlertExtension.swift in Sources */ = {isa = PBXBuildFile; fileRef = 1AA9D03028F4BD5600BFD980 /* UIViewControllerDotAlertExtension.swift */; };
/* End PBXBuildFile section */

/* Begin PBXFileReference section */
		1A08F27328F44F8300715321 /* GFButton.swift */ = {isa = PBXFileReference; lastKnownFileType = sourcecode.swift; path = GFButton.swift; sourceTree = "<group>"; };
		1A08F27528F4571100715321 /* GFTextField.swift */ = {isa = PBXFileReference; lastKnownFileType = sourcecode.swift; path = GFTextField.swift; sourceTree = "<group>"; };
		1A42F6D128F5AD6D00AC9EFA /* NetworkManager.swift */ = {isa = PBXFileReference; lastKnownFileType = sourcecode.swift; path = NetworkManager.swift; sourceTree = "<group>"; };
		1A42F6D428F6361600AC9EFA /* ErrorMessages.swift */ = {isa = PBXFileReference; lastKnownFileType = sourcecode.swift; path = ErrorMessages.swift; sourceTree = "<group>"; };
		1A5DB20928F4DCAC00DBCB9F /* Follower.swift */ = {isa = PBXFileReference; lastKnownFileType = sourcecode.swift; path = Follower.swift; sourceTree = "<group>"; };
		1A5DB20B28F4DCD600DBCB9F /* User.swift */ = {isa = PBXFileReference; lastKnownFileType = sourcecode.swift; path = User.swift; sourceTree = "<group>"; };
		1A6252D028F3950700D117CF /* GithubFollowers.app */ = {isa = PBXFileReference; explicitFileType = wrapper.application; includeInIndex = 0; path = GithubFollowers.app; sourceTree = BUILT_PRODUCTS_DIR; };
		1A6252D328F3950700D117CF /* AppDelegate.swift */ = {isa = PBXFileReference; lastKnownFileType = sourcecode.swift; path = AppDelegate.swift; sourceTree = "<group>"; };
		1A6252D528F3950700D117CF /* SceneDelegate.swift */ = {isa = PBXFileReference; lastKnownFileType = sourcecode.swift; path = SceneDelegate.swift; sourceTree = "<group>"; };
		1A6252DC28F3950800D117CF /* Assets.xcassets */ = {isa = PBXFileReference; lastKnownFileType = folder.assetcatalog; path = Assets.xcassets; sourceTree = "<group>"; };
		1A6252DF28F3950800D117CF /* Base */ = {isa = PBXFileReference; lastKnownFileType = file.storyboard; name = Base; path = Base.lproj/LaunchScreen.storyboard; sourceTree = "<group>"; };
		1A6252E128F3950800D117CF /* Info.plist */ = {isa = PBXFileReference; lastKnownFileType = text.plist.xml; path = Info.plist; sourceTree = "<group>"; };
		1A6252E928F3A64600D117CF /* FavoritesListVC.swift */ = {isa = PBXFileReference; lastKnownFileType = sourcecode.swift; path = FavoritesListVC.swift; sourceTree = "<group>"; };
		1A6252EB28F3A75F00D117CF /* SearchVC.swift */ = {isa = PBXFileReference; lastKnownFileType = sourcecode.swift; path = SearchVC.swift; sourceTree = "<group>"; };
		1AA9D02828F4832000BFD980 /* FollowerListVC.swift */ = {isa = PBXFileReference; lastKnownFileType = sourcecode.swift; path = FollowerListVC.swift; sourceTree = "<group>"; };
		1AA9D02A28F4922400BFD980 /* GFTitleLabel.swift */ = {isa = PBXFileReference; lastKnownFileType = sourcecode.swift; path = GFTitleLabel.swift; sourceTree = "<group>"; };
		1AA9D02C28F4B26E00BFD980 /* GFBodyLabel.swift */ = {isa = PBXFileReference; lastKnownFileType = sourcecode.swift; path = GFBodyLabel.swift; sourceTree = "<group>"; };
		1AA9D02E28F4B43000BFD980 /* GFAlertVC.swift */ = {isa = PBXFileReference; lastKnownFileType = sourcecode.swift; path = GFAlertVC.swift; sourceTree = "<group>"; };
		1AA9D03028F4BD5600BFD980 /* UIViewControllerDotAlertExtension.swift */ = {isa = PBXFileReference; lastKnownFileType = sourcecode.swift; path = UIViewControllerDotAlertExtension.swift; sourceTree = "<group>"; };
/* End PBXFileReference section */

/* Begin PBXFrameworksBuildPhase section */
		1A6252CD28F3950700D117CF /* Frameworks */ = {
			isa = PBXFrameworksBuildPhase;
			buildActionMask = 2147483647;
			files = (
			);
			runOnlyForDeploymentPostprocessing = 0;
		};
/* End PBXFrameworksBuildPhase section */

/* Begin PBXGroup section */
		1A42F6D028F5AD5A00AC9EFA /* Managers */ = {
			isa = PBXGroup;
			children = (
				1A42F6D128F5AD6D00AC9EFA /* NetworkManager.swift */,
			);
			path = Managers;
			sourceTree = "<group>";
		};
		1A42F6D328F635E500AC9EFA /* Utilites */ = {
			isa = PBXGroup;
			children = (
				1A42F6D428F6361600AC9EFA /* ErrorMessages.swift */,
			);
			path = Utilites;
			sourceTree = "<group>";
		};
		1A5DB20428F4D21600DBCB9F /* Screens */ = {
			isa = PBXGroup;
			children = (
				1A6252E928F3A64600D117CF /* FavoritesListVC.swift */,
				1AA9D02828F4832000BFD980 /* FollowerListVC.swift */,
				1A6252EB28F3A75F00D117CF /* SearchVC.swift */,
			);
			path = Screens;
			sourceTree = "<group>";
		};
		1A5DB20528F4D31600DBCB9F /* Custom Views */ = {
			isa = PBXGroup;
			children = (
				1A08F27328F44F8300715321 /* GFButton.swift */,
				1A08F27528F4571100715321 /* GFTextField.swift */,
				1AA9D02A28F4922400BFD980 /* GFTitleLabel.swift */,
				1AA9D02C28F4B26E00BFD980 /* GFBodyLabel.swift */,
				1AA9D02E28F4B43000BFD980 /* GFAlertVC.swift */,
			);
			path = "Custom Views";
			sourceTree = "<group>";
		};
		1A5DB20628F4D34700DBCB9F /* Extensions */ = {
			isa = PBXGroup;
			children = (
				1AA9D03028F4BD5600BFD980 /* UIViewControllerDotAlertExtension.swift */,
			);
			path = Extensions;
			sourceTree = "<group>";
		};
		1A5DB20728F4D3E200DBCB9F /* Support */ = {
			isa = PBXGroup;
			children = (
				1A6252D328F3950700D117CF /* AppDelegate.swift */,
				1A6252D528F3950700D117CF /* SceneDelegate.swift */,
				1A6252DC28F3950800D117CF /* Assets.xcassets */,
				1A6252DE28F3950800D117CF /* LaunchScreen.storyboard */,
			);
			path = Support;
			sourceTree = "<group>";
		};
		1A5DB20828F4DC9000DBCB9F /* Model */ = {
			isa = PBXGroup;
			children = (
				1A5DB20928F4DCAC00DBCB9F /* Follower.swift */,
				1A5DB20B28F4DCD600DBCB9F /* User.swift */,
			);
			path = Model;
			sourceTree = "<group>";
		};
		1A6252C728F3950700D117CF = {
			isa = PBXGroup;
			children = (
				1A6252D228F3950700D117CF /* GithubFollowers */,
				1A6252D128F3950700D117CF /* Products */,
			);
			sourceTree = "<group>";
		};
		1A6252D128F3950700D117CF /* Products */ = {
			isa = PBXGroup;
			children = (
				1A6252D028F3950700D117CF /* GithubFollowers.app */,
			);
			name = Products;
			sourceTree = "<group>";
		};
		1A6252D228F3950700D117CF /* GithubFollowers */ = {
			isa = PBXGroup;
			children = (
				1A42F6D028F5AD5A00AC9EFA /* Managers */,
				1A5DB20828F4DC9000DBCB9F /* Model */,
				1A5DB20428F4D21600DBCB9F /* Screens */,
				1A5DB20528F4D31600DBCB9F /* Custom Views */,
				1A5DB20628F4D34700DBCB9F /* Extensions */,
				1A42F6D328F635E500AC9EFA /* Utilites */,
				1A5DB20728F4D3E200DBCB9F /* Support */,
				1A6252E128F3950800D117CF /* Info.plist */,
			);
			path = GithubFollowers;
			sourceTree = "<group>";
		};
/* End PBXGroup section */

/* Begin PBXNativeTarget section */
		1A6252CF28F3950700D117CF /* GithubFollowers */ = {
			isa = PBXNativeTarget;
			buildConfigurationList = 1A6252E428F3950800D117CF /* Build configuration list for PBXNativeTarget "GithubFollowers" */;
			buildPhases = (
				1A6252CC28F3950700D117CF /* Sources */,
				1A6252CD28F3950700D117CF /* Frameworks */,
				1A6252CE28F3950700D117CF /* Resources */,
			);
			buildRules = (
			);
			dependencies = (
			);
			name = GithubFollowers;
			productName = GithubFollowers;
			productReference = 1A6252D028F3950700D117CF /* GithubFollowers.app */;
			productType = "com.apple.product-type.application";
		};
/* End PBXNativeTarget section */

/* Begin PBXProject section */
		1A6252C828F3950700D117CF /* Project object */ = {
			isa = PBXProject;
			attributes = {
				BuildIndependentTargetsInParallel = 1;
				LastSwiftUpdateCheck = 1340;
				LastUpgradeCheck = 1340;
				TargetAttributes = {
					1A6252CF28F3950700D117CF = {
						CreatedOnToolsVersion = 13.4.1;
					};
				};
			};
			buildConfigurationList = 1A6252CB28F3950700D117CF /* Build configuration list for PBXProject "GithubFollowers" */;
			compatibilityVersion = "Xcode 13.0";
			developmentRegion = en;
			hasScannedForEncodings = 0;
			knownRegions = (
				en,
				Base,
			);
			mainGroup = 1A6252C728F3950700D117CF;
			productRefGroup = 1A6252D128F3950700D117CF /* Products */;
			projectDirPath = "";
			projectRoot = "";
			targets = (
				1A6252CF28F3950700D117CF /* GithubFollowers */,
			);
		};
/* End PBXProject section */

/* Begin PBXResourcesBuildPhase section */
		1A6252CE28F3950700D117CF /* Resources */ = {
			isa = PBXResourcesBuildPhase;
			buildActionMask = 2147483647;
			files = (
				1A6252E028F3950800D117CF /* LaunchScreen.storyboard in Resources */,
				1A6252DD28F3950800D117CF /* Assets.xcassets in Resources */,
			);
			runOnlyForDeploymentPostprocessing = 0;
		};
/* End PBXResourcesBuildPhase section */

/* Begin PBXSourcesBuildPhase section */
		1A6252CC28F3950700D117CF /* Sources */ = {
			isa = PBXSourcesBuildPhase;
			buildActionMask = 2147483647;
			files = (
				1A5DB20C28F4DCD600DBCB9F /* User.swift in Sources */,
				1A08F27628F4571100715321 /* GFTextField.swift in Sources */,
				1A6252EC28F3A75F00D117CF /* SearchVC.swift in Sources */,
				1A08F27428F44F8300715321 /* GFButton.swift in Sources */,
				1A6252EA28F3A64600D117CF /* FavoritesListVC.swift in Sources */,
				1AA9D02F28F4B43000BFD980 /* GFAlertVC.swift in Sources */,
				1AA9D02D28F4B26E00BFD980 /* GFBodyLabel.swift in Sources */,
				1AA9D02B28F4922400BFD980 /* GFTitleLabel.swift in Sources */,
				1A42F6D528F6361600AC9EFA /* ErrorMessages.swift in Sources */,
				1A5DB20A28F4DCAC00DBCB9F /* Follower.swift in Sources */,
				1AA9D02928F4832000BFD980 /* FollowerListVC.swift in Sources */,
				1A42F6D228F5AD6D00AC9EFA /* NetworkManager.swift in Sources */,
				1A6252D428F3950700D117CF /* AppDelegate.swift in Sources */,
				1AA9D03128F4BD5600BFD980 /* UIViewControllerDotAlertExtension.swift in Sources */,
				1A6252D628F3950700D117CF /* SceneDelegate.swift in Sources */,
			);
			runOnlyForDeploymentPostprocessing = 0;
		};
/* End PBXSourcesBuildPhase section */

/* Begin PBXVariantGroup section */
		1A6252DE28F3950800D117CF /* LaunchScreen.storyboard */ = {
			isa = PBXVariantGroup;
			children = (
				1A6252DF28F3950800D117CF /* Base */,
			);
			name = LaunchScreen.storyboard;
			sourceTree = "<group>";
		};
/* End PBXVariantGroup section */

/* Begin XCBuildConfiguration section */
		1A6252E228F3950800D117CF /* Debug */ = {
			isa = XCBuildConfiguration;
			buildSettings = {
				ALWAYS_SEARCH_USER_PATHS = NO;
				CLANG_ANALYZER_NONNULL = YES;
				CLANG_ANALYZER_NUMBER_OBJECT_CONVERSION = YES_AGGRESSIVE;
				CLANG_CXX_LANGUAGE_STANDARD = "gnu++17";
				CLANG_ENABLE_MODULES = YES;
				CLANG_ENABLE_OBJC_ARC = YES;
				CLANG_ENABLE_OBJC_WEAK = YES;
				CLANG_WARN_BLOCK_CAPTURE_AUTORELEASING = YES;
				CLANG_WARN_BOOL_CONVERSION = YES;
				CLANG_WARN_COMMA = YES;
				CLANG_WARN_CONSTANT_CONVERSION = YES;
				CLANG_WARN_DEPRECATED_OBJC_IMPLEMENTATIONS = YES;
				CLANG_WARN_DIRECT_OBJC_ISA_USAGE = YES_ERROR;
				CLANG_WARN_DOCUMENTATION_COMMENTS = YES;
				CLANG_WARN_EMPTY_BODY = YES;
				CLANG_WARN_ENUM_CONVERSION = YES;
				CLANG_WARN_INFINITE_RECURSION = YES;
				CLANG_WARN_INT_CONVERSION = YES;
				CLANG_WARN_NON_LITERAL_NULL_CONVERSION = YES;
				CLANG_WARN_OBJC_IMPLICIT_RETAIN_SELF = YES;
				CLANG_WARN_OBJC_LITERAL_CONVERSION = YES;
				CLANG_WARN_OBJC_ROOT_CLASS = YES_ERROR;
				CLANG_WARN_QUOTED_INCLUDE_IN_FRAMEWORK_HEADER = YES;
				CLANG_WARN_RANGE_LOOP_ANALYSIS = YES;
				CLANG_WARN_STRICT_PROTOTYPES = YES;
				CLANG_WARN_SUSPICIOUS_MOVE = YES;
				CLANG_WARN_UNGUARDED_AVAILABILITY = YES_AGGRESSIVE;
				CLANG_WARN_UNREACHABLE_CODE = YES;
				CLANG_WARN__DUPLICATE_METHOD_MATCH = YES;
				COPY_PHASE_STRIP = NO;
				DEBUG_INFORMATION_FORMAT = dwarf;
				ENABLE_STRICT_OBJC_MSGSEND = YES;
				ENABLE_TESTABILITY = YES;
				GCC_C_LANGUAGE_STANDARD = gnu11;
				GCC_DYNAMIC_NO_PIC = NO;
				GCC_NO_COMMON_BLOCKS = YES;
				GCC_OPTIMIZATION_LEVEL = 0;
				GCC_PREPROCESSOR_DEFINITIONS = (
					"DEBUG=1",
					"$(inherited)",
				);
				GCC_WARN_64_TO_32_BIT_CONVERSION = YES;
				GCC_WARN_ABOUT_RETURN_TYPE = YES_ERROR;
				GCC_WARN_UNDECLARED_SELECTOR = YES;
				GCC_WARN_UNINITIALIZED_AUTOS = YES_AGGRESSIVE;
				GCC_WARN_UNUSED_FUNCTION = YES;
				GCC_WARN_UNUSED_VARIABLE = YES;
				IPHONEOS_DEPLOYMENT_TARGET = 15.5;
				MTL_ENABLE_DEBUG_INFO = INCLUDE_SOURCE;
				MTL_FAST_MATH = YES;
				ONLY_ACTIVE_ARCH = YES;
				SDKROOT = iphoneos;
				SWIFT_ACTIVE_COMPILATION_CONDITIONS = DEBUG;
				SWIFT_OPTIMIZATION_LEVEL = "-Onone";
			};
			name = Debug;
		};
		1A6252E328F3950800D117CF /* Release */ = {
			isa = XCBuildConfiguration;
			buildSettings = {
				ALWAYS_SEARCH_USER_PATHS = NO;
				CLANG_ANALYZER_NONNULL = YES;
				CLANG_ANALYZER_NUMBER_OBJECT_CONVERSION = YES_AGGRESSIVE;
				CLANG_CXX_LANGUAGE_STANDARD = "gnu++17";
				CLANG_ENABLE_MODULES = YES;
				CLANG_ENABLE_OBJC_ARC = YES;
				CLANG_ENABLE_OBJC_WEAK = YES;
				CLANG_WARN_BLOCK_CAPTURE_AUTORELEASING = YES;
				CLANG_WARN_BOOL_CONVERSION = YES;
				CLANG_WARN_COMMA = YES;
				CLANG_WARN_CONSTANT_CONVERSION = YES;
				CLANG_WARN_DEPRECATED_OBJC_IMPLEMENTATIONS = YES;
				CLANG_WARN_DIRECT_OBJC_ISA_USAGE = YES_ERROR;
				CLANG_WARN_DOCUMENTATION_COMMENTS = YES;
				CLANG_WARN_EMPTY_BODY = YES;
				CLANG_WARN_ENUM_CONVERSION = YES;
				CLANG_WARN_INFINITE_RECURSION = YES;
				CLANG_WARN_INT_CONVERSION = YES;
				CLANG_WARN_NON_LITERAL_NULL_CONVERSION = YES;
				CLANG_WARN_OBJC_IMPLICIT_RETAIN_SELF = YES;
				CLANG_WARN_OBJC_LITERAL_CONVERSION = YES;
				CLANG_WARN_OBJC_ROOT_CLASS = YES_ERROR;
				CLANG_WARN_QUOTED_INCLUDE_IN_FRAMEWORK_HEADER = YES;
				CLANG_WARN_RANGE_LOOP_ANALYSIS = YES;
				CLANG_WARN_STRICT_PROTOTYPES = YES;
				CLANG_WARN_SUSPICIOUS_MOVE = YES;
				CLANG_WARN_UNGUARDED_AVAILABILITY = YES_AGGRESSIVE;
				CLANG_WARN_UNREACHABLE_CODE = YES;
				CLANG_WARN__DUPLICATE_METHOD_MATCH = YES;
				COPY_PHASE_STRIP = NO;
				DEBUG_INFORMATION_FORMAT = "dwarf-with-dsym";
				ENABLE_NS_ASSERTIONS = NO;
				ENABLE_STRICT_OBJC_MSGSEND = YES;
				GCC_C_LANGUAGE_STANDARD = gnu11;
				GCC_NO_COMMON_BLOCKS = YES;
				GCC_WARN_64_TO_32_BIT_CONVERSION = YES;
				GCC_WARN_ABOUT_RETURN_TYPE = YES_ERROR;
				GCC_WARN_UNDECLARED_SELECTOR = YES;
				GCC_WARN_UNINITIALIZED_AUTOS = YES_AGGRESSIVE;
				GCC_WARN_UNUSED_FUNCTION = YES;
				GCC_WARN_UNUSED_VARIABLE = YES;
				IPHONEOS_DEPLOYMENT_TARGET = 15.5;
				MTL_ENABLE_DEBUG_INFO = NO;
				MTL_FAST_MATH = YES;
				SDKROOT = iphoneos;
				SWIFT_COMPILATION_MODE = wholemodule;
				SWIFT_OPTIMIZATION_LEVEL = "-O";
				VALIDATE_PRODUCT = YES;
			};
			name = Release;
		};
		1A6252E528F3950800D117CF /* Debug */ = {
			isa = XCBuildConfiguration;
			buildSettings = {
				ASSETCATALOG_COMPILER_APPICON_NAME = AppIcon;
				ASSETCATALOG_COMPILER_GLOBAL_ACCENT_COLOR_NAME = AccentColor;
				CODE_SIGN_STYLE = Automatic;
				CURRENT_PROJECT_VERSION = 1;
				DEVELOPMENT_TEAM = CQG7337NDP;
				GENERATE_INFOPLIST_FILE = YES;
				INFOPLIST_FILE = GithubFollowers/Info.plist;
				INFOPLIST_KEY_UIApplicationSupportsIndirectInputEvents = YES;
				INFOPLIST_KEY_UILaunchStoryboardName = LaunchScreen;
				INFOPLIST_KEY_UISupportedInterfaceOrientations = UIInterfaceOrientationPortrait;
				INFOPLIST_KEY_UISupportedInterfaceOrientations_iPad = "UIInterfaceOrientationPortrait UIInterfaceOrientationPortraitUpsideDown UIInterfaceOrientationLandscapeLeft UIInterfaceOrientationLandscapeRight";
				INFOPLIST_KEY_UISupportedInterfaceOrientations_iPhone = "UIInterfaceOrientationPortrait UIInterfaceOrientationLandscapeLeft UIInterfaceOrientationLandscapeRight";
				LD_RUNPATH_SEARCH_PATHS = (
					"$(inherited)",
					"@executable_path/Frameworks",
				);
				MARKETING_VERSION = 1.0;
				PRODUCT_BUNDLE_IDENTIFIER = com.umuterturk.GithubFollowers;
				PRODUCT_NAME = "$(TARGET_NAME)";
				SWIFT_EMIT_LOC_STRINGS = YES;
				SWIFT_VERSION = 5.0;
				TARGETED_DEVICE_FAMILY = 1;
			};
			name = Debug;
		};
		1A6252E628F3950800D117CF /* Release */ = {
			isa = XCBuildConfiguration;
			buildSettings = {
				ASSETCATALOG_COMPILER_APPICON_NAME = AppIcon;
				ASSETCATALOG_COMPILER_GLOBAL_ACCENT_COLOR_NAME = AccentColor;
				CODE_SIGN_STYLE = Automatic;
				CURRENT_PROJECT_VERSION = 1;
				DEVELOPMENT_TEAM = CQG7337NDP;
				GENERATE_INFOPLIST_FILE = YES;
				INFOPLIST_FILE = GithubFollowers/Info.plist;
				INFOPLIST_KEY_UIApplicationSupportsIndirectInputEvents = YES;
				INFOPLIST_KEY_UILaunchStoryboardName = LaunchScreen;
				INFOPLIST_KEY_UISupportedInterfaceOrientations = UIInterfaceOrientationPortrait;
				INFOPLIST_KEY_UISupportedInterfaceOrientations_iPad = "UIInterfaceOrientationPortrait UIInterfaceOrientationPortraitUpsideDown UIInterfaceOrientationLandscapeLeft UIInterfaceOrientationLandscapeRight";
				INFOPLIST_KEY_UISupportedInterfaceOrientations_iPhone = "UIInterfaceOrientationPortrait UIInterfaceOrientationLandscapeLeft UIInterfaceOrientationLandscapeRight";
				LD_RUNPATH_SEARCH_PATHS = (
					"$(inherited)",
					"@executable_path/Frameworks",
				);
				MARKETING_VERSION = 1.0;
				PRODUCT_BUNDLE_IDENTIFIER = com.umuterturk.GithubFollowers;
				PRODUCT_NAME = "$(TARGET_NAME)";
				SWIFT_EMIT_LOC_STRINGS = YES;
				SWIFT_VERSION = 5.0;
				TARGETED_DEVICE_FAMILY = 1;
			};
			name = Release;
		};
/* End XCBuildConfiguration section */

/* Begin XCConfigurationList section */
		1A6252CB28F3950700D117CF /* Build configuration list for PBXProject "GithubFollowers" */ = {
			isa = XCConfigurationList;
			buildConfigurations = (
				1A6252E228F3950800D117CF /* Debug */,
				1A6252E328F3950800D117CF /* Release */,
			);
			defaultConfigurationIsVisible = 0;
			defaultConfigurationName = Release;
		};
		1A6252E428F3950800D117CF /* Build configuration list for PBXNativeTarget "GithubFollowers" */ = {
			isa = XCConfigurationList;
			buildConfigurations = (
				1A6252E528F3950800D117CF /* Debug */,
				1A6252E628F3950800D117CF /* Release */,
			);
			defaultConfigurationIsVisible = 0;
			defaultConfigurationName = Release;
		};
/* End XCConfigurationList section */
	};
	rootObject = 1A6252C828F3950700D117CF /* Project object */;
}
